
Microsoft Visual Studio Solution File, Format Version 12.00
# Visual Studio Version 16
VisualStudioVersion = 16.0.31005.135
MinimumVisualStudioVersion = 10.0.40219.1
Project("{888888A0-9F3D-457C-B088-3A5042F75D52}") = "TestPublicAPI", "TestPublicAPI.pyproj", "{A39021C1-DC4F-4CF3-9E7B-6D0E56C3E483}"
EndProject
Global
	GlobalSection(SolutionConfigurationPlatforms) = preSolution
		Debug|Any CPU = Debug|Any CPU
		Release|Any CPU = Release|Any CPU
	EndGlobalSection
	GlobalSection(ProjectConfigurationPlatforms) = postSolution
		{A39021C1-DC4F-4CF3-9E7B-6D0E56C3E483}.Debug|Any CPU.ActiveCfg = Debug|Any CPU
		{A39021C1-DC4F-4CF3-9E7B-6D0E56C3E483}.Release|Any CPU.ActiveCfg = Release|Any CPU
	EndGlobalSection
	GlobalSection(SolutionProperties) = preSolution
		HideSolutionNode = FALSE
	EndGlobalSection
	GlobalSection(ExtensibilityGlobals) = postSolution
		SolutionGuid = {BEF0D725-A211-42EC-96C4-45CEB8E99464}
	EndGlobalSection
EndGlobal
